
Microsoft Visual Studio Solution File, Format Version 12.00
# Visual Studio Version 17
VisualStudioVersion = 17.8.34408.163
MinimumVisualStudioVersion = 10.0.40219.1
Project("{FAE04EC0-301F-11D3-BF4B-00C04F79EFBC}") = "ObjectInitialization", "ObjectInitialization\ObjectInitialization.csproj", "{312C13E4-0248-4055-B20D-302E079B7E95}"
EndProject
Global
	GlobalSection(SolutionConfigurationPlatforms) = preSolution
		Debug|Any CPU = Debug|Any CPU
		Release|Any CPU = Release|Any CPU
	EndGlobalSection
	GlobalSection(ProjectConfigurationPlatforms) = postSolution
		{312C13E4-0248-4055-B20D-302E079B7E95}.Debug|Any CPU.ActiveCfg = Debug|Any CPU
		{312C13E4-0248-4055-B20D-302E079B7E95}.Debug|Any CPU.Build.0 = Debug|Any CPU
		{312C13E4-0248-4055-B20D-302E079B7E95}.Release|Any CPU.ActiveCfg = Release|Any CPU
		{312C13E4-0248-4055-B20D-302E079B7E95}.Release|Any CPU.Build.0 = Release|Any CPU
	EndGlobalSection
	GlobalSection(SolutionProperties) = preSolution
		HideSolutionNode = FALSE
	EndGlobalSection
	GlobalSection(ExtensibilityGlobals) = postSolution
		SolutionGuid = {631CA20F-3387-4CB6-9176-69A5000B18DF}
	EndGlobalSection
EndGlobal
